
Microsoft Visual Studio Solution File, Format Version 12.00
# Visual Studio Version 17
VisualStudioVersion = 17.6.33723.286
MinimumVisualStudioVersion = 10.0.40219.1
Project("{9A19103F-16F7-4668-BE54-9A1E7A4F7556}") = "WinFormsApp3", "WinFormsApp3\WinFormsApp3.csproj", "{3D782AD3-788D-47AA-B766-8F650B26F416}"
EndProject
Project("{2150E333-8FDC-42A3-9474-1A3956D46DE8}") = "Çözüm Öğeleri", "Çözüm Öğeleri", "{52E87BC2-5A4C-47E8-8D7B-1719EBC0709C}"
EndProject
Global
	GlobalSection(SolutionConfigurationPlatforms) = preSolution
		Debug|Any CPU = Debug|Any CPU
		Release|Any CPU = Release|Any CPU
	EndGlobalSection
	GlobalSection(ProjectConfigurationPlatforms) = postSolution
		{3D782AD3-788D-47AA-B766-8F650B26F416}.Debug|Any CPU.ActiveCfg = Debug|Any CPU
		{3D782AD3-788D-47AA-B766-8F650B26F416}.Debug|Any CPU.Build.0 = Debug|Any CPU
		{3D782AD3-788D-47AA-B766-8F650B26F416}.Release|Any CPU.ActiveCfg = Release|Any CPU
		{3D782AD3-788D-47AA-B766-8F650B26F416}.Release|Any CPU.Build.0 = Release|Any CPU
	EndGlobalSection
	GlobalSection(SolutionProperties) = preSolution
		HideSolutionNode = FALSE
	EndGlobalSection
	GlobalSection(ExtensibilityGlobals) = postSolution
		SolutionGuid = {943294AC-EDA2-4FE4-90C5-A86AA8A65AA2}
	EndGlobalSection
EndGlobal
